// !$*UTF8*$!
{
	archiveVersion = 1;
	classes = {
	};
	objectVersion = 46;
	objects = {

/* Begin PBXBuildFile section */
		C4196D9A17B8C10900B30F93 /* render.h in Headers */ = {isa = PBXBuildFile; fileRef = C4196D9917B8C10900B30F93 /* render.h */; settings = {ATTRIBUTES = (Public, ); }; };
		C4196DA417B8C1BF00B30F93 /* color.h in Headers */ = {isa = PBXBuildFile; fileRef = C4196D9F17B8C1BF00B30F93 /* color.h */; settings = {ATTRIBUTES = (Public, ); }; };
		C4196DA517B8C1BF00B30F93 /* font.h in Headers */ = {isa = PBXBuildFile; fileRef = C4196DA017B8C1BF00B30F93 /* font.h */; settings = {ATTRIBUTES = (Public, ); }; };
		C4196DA617B8C1BF00B30F93 /* point.h in Headers */ = {isa = PBXBuildFile; fileRef = C4196DA117B8C1BF00B30F93 /* point.h */; settings = {ATTRIBUTES = (Public, ); }; };
		C4196DA717B8C1BF00B30F93 /* rect.h in Headers */ = {isa = PBXBuildFile; fileRef = C4196DA217B8C1BF00B30F93 /* rect.h */; settings = {ATTRIBUTES = (Public, ); }; };
		C4196DA817B8C1BF00B30F93 /* size.h in Headers */ = {isa = PBXBuildFile; fileRef = C4196DA317B8C1BF00B30F93 /* size.h */; settings = {ATTRIBUTES = (Public, ); }; };
		C477DBB517B44F3C005DB56D /* logger.cpp in Sources */ = {isa = PBXBuildFile; fileRef = C477DBB317B44F3C005DB56D /* logger.cpp */; };
		C477DBC717B47044005DB56D /* module.cpp in Sources */ = {isa = PBXBuildFile; fileRef = C477DBC617B47044005DB56D /* module.cpp */; };
		C477DBC917B471C5005DB56D /* logger.h in Headers */ = {isa = PBXBuildFile; fileRef = C477DBC817B471C5005DB56D /* logger.h */; settings = {ATTRIBUTES = (Public, ); }; };
		C477DBCB17B471CC005DB56D /* module.h in Headers */ = {isa = PBXBuildFile; fileRef = C477DBCA17B471CC005DB56D /* module.h */; settings = {ATTRIBUTES = (Public, ); }; };
		C477DBCD17B473A2005DB56D /* util.h in Headers */ = {isa = PBXBuildFile; fileRef = C477DBCC17B473A2005DB56D /* util.h */; settings = {ATTRIBUTES = (Public, ); }; };
		C477DBCF17B473A9005DB56D /* util.cpp in Sources */ = {isa = PBXBuildFile; fileRef = C477DBCE17B473A9005DB56D /* util.cpp */; };
		C477DBD217B4819F005DB56D /* signature.h in Headers */ = {isa = PBXBuildFile; fileRef = C477DBD017B4819F005DB56D /* signature.h */; settings = {ATTRIBUTES = (Public, ); }; };
		C477DBD317B4819F005DB56D /* sigscan.h in Headers */ = {isa = PBXBuildFile; fileRef = C477DBD117B4819F005DB56D /* sigscan.h */; settings = {ATTRIBUTES = (Public, ); }; };
		C477DBD617B481AC005DB56D /* signature.cpp in Sources */ = {isa = PBXBuildFile; fileRef = C477DBD417B481AC005DB56D /* signature.cpp */; };
		C477DBD717B481AC005DB56D /* sigscan.cpp in Sources */ = {isa = PBXBuildFile; fileRef = C477DBD517B481AC005DB56D /* sigscan.cpp */; };
		C477DBD917B48D2A005DB56D /* vmt.cpp in Sources */ = {isa = PBXBuildFile; fileRef = C477DBD817B48D2A005DB56D /* vmt.cpp */; };
		C477DBDB17B48D31005DB56D /* vmt.h in Headers */ = {isa = PBXBuildFile; fileRef = C477DBDA17B48D31005DB56D /* vmt.h */; settings = {ATTRIBUTES = (Public, ); }; };
		C477DBDD17B48F9E005DB56D /* memhelp.h in Headers */ = {isa = PBXBuildFile; fileRef = C477DBDC17B48F9E005DB56D /* memhelp.h */; settings = {ATTRIBUTES = (Public, ); }; };
		C477DBE217B4CEBB005DB56D /* distorm.a in Frameworks */ = {isa = PBXBuildFile; fileRef = C477DBDF17B4CE98005DB56D /* distorm.a */; };
		C477DBE517B4CEC3005DB56D /* distorm.h in Headers */ = {isa = PBXBuildFile; fileRef = C477DBE317B4CEC3005DB56D /* distorm.h */; settings = {ATTRIBUTES = (Public, ); }; };
		C477DBE617B4CEC3005DB56D /* mnemonics.h in Headers */ = {isa = PBXBuildFile; fileRef = C477DBE417B4CEC3005DB56D /* mnemonics.h */; settings = {ATTRIBUTES = (Public, ); }; };
		C477DBE817B4D5B9005DB56D /* detour.h in Headers */ = {isa = PBXBuildFile; fileRef = C477DBE717B4D5B9005DB56D /* detour.h */; settings = {ATTRIBUTES = (Public, ); }; };
		C477DBEA17B4D5C2005DB56D /* detour.cpp in Sources */ = {isa = PBXBuildFile; fileRef = C477DBE917B4D5C2005DB56D /* detour.cpp */; };
		C477DC5217B560C4005DB56D /* ApiBegin.h in Headers */ = {isa = PBXBuildFile; fileRef = C477DC3017B560C4005DB56D /* ApiBegin.h */; settings = {ATTRIBUTES = (Private, ); }; };
		C477DC5317B560C4005DB56D /* ApiEnd.h in Headers */ = {isa = PBXBuildFile; fileRef = C477DC3117B560C4005DB56D /* ApiEnd.h */; settings = {ATTRIBUTES = (Private, ); }; };
		C477DC5417B560C4005DB56D /* AsmJit.h in Headers */ = {isa = PBXBuildFile; fileRef = C477DC3217B560C4005DB56D /* AsmJit.h */; settings = {ATTRIBUTES = (Private, ); }; };
		C477DC5517B560C4005DB56D /* Assembler.h in Headers */ = {isa = PBXBuildFile; fileRef = C477DC3317B560C4005DB56D /* Assembler.h */; settings = {ATTRIBUTES = (Private, ); }; };
		C477DC5617B560C4005DB56D /* AssemblerX86X64.cpp in Sources */ = {isa = PBXBuildFile; fileRef = C477DC3417B560C4005DB56D /* AssemblerX86X64.cpp */; };
		C477DC5717B560C4005DB56D /* AssemblerX86X64.h in Headers */ = {isa = PBXBuildFile; fileRef = C477DC3517B560C4005DB56D /* AssemblerX86X64.h */; settings = {ATTRIBUTES = (Private, ); }; };
		C477DC5817B560C4005DB56D /* Build.h in Headers */ = {isa = PBXBuildFile; fileRef = C477DC3617B560C4005DB56D /* Build.h */; settings = {ATTRIBUTES = (Private, ); }; };
		C477DC5917B560C4005DB56D /* CodeGenerator.cpp in Sources */ = {isa = PBXBuildFile; fileRef = C477DC3717B560C4005DB56D /* CodeGenerator.cpp */; };
		C477DC5A17B560C4005DB56D /* CodeGenerator.h in Headers */ = {isa = PBXBuildFile; fileRef = C477DC3817B560C4005DB56D /* CodeGenerator.h */; settings = {ATTRIBUTES = (Private, ); }; };
		C477DC5B17B560C4005DB56D /* Compiler.cpp in Sources */ = {isa = PBXBuildFile; fileRef = C477DC3917B560C4005DB56D /* Compiler.cpp */; };
		C477DC5C17B560C4005DB56D /* Compiler.h in Headers */ = {isa = PBXBuildFile; fileRef = C477DC3A17B560C4005DB56D /* Compiler.h */; settings = {ATTRIBUTES = (Private, ); }; };
		C477DC5D17B560C4005DB56D /* CompilerX86X64.cpp in Sources */ = {isa = PBXBuildFile; fileRef = C477DC3B17B560C4005DB56D /* CompilerX86X64.cpp */; };
		C477DC5E17B560C4005DB56D /* CompilerX86X64.h in Headers */ = {isa = PBXBuildFile; fileRef = C477DC3C17B560C4005DB56D /* CompilerX86X64.h */; settings = {ATTRIBUTES = (Private, ); }; };
		C477DC5F17B560C4005DB56D /* Config.h in Headers */ = {isa = PBXBuildFile; fileRef = C477DC3D17B560C4005DB56D /* Config.h */; settings = {ATTRIBUTES = (Private, ); }; };
		C477DC6017B560C4005DB56D /* CpuInfo.cpp in Sources */ = {isa = PBXBuildFile; fileRef = C477DC3E17B560C4005DB56D /* CpuInfo.cpp */; };
		C477DC6117B560C4005DB56D /* CpuInfo.h in Headers */ = {isa = PBXBuildFile; fileRef = C477DC3F17B560C4005DB56D /* CpuInfo.h */; settings = {ATTRIBUTES = (Private, ); }; };
		C477DC6217B560C4005DB56D /* Defs.cpp in Sources */ = {isa = PBXBuildFile; fileRef = C477DC4017B560C4005DB56D /* Defs.cpp */; };
		C477DC6317B560C4005DB56D /* Defs.h in Headers */ = {isa = PBXBuildFile; fileRef = C477DC4117B560C4005DB56D /* Defs.h */; settings = {ATTRIBUTES = (Private, ); }; };
		C477DC6417B560C4005DB56D /* DefsX86X64.cpp in Sources */ = {isa = PBXBuildFile; fileRef = C477DC4217B560C4005DB56D /* DefsX86X64.cpp */; };
		C477DC6517B560C4005DB56D /* DefsX86X64.h in Headers */ = {isa = PBXBuildFile; fileRef = C477DC4317B560C4005DB56D /* DefsX86X64.h */; settings = {ATTRIBUTES = (Private, ); }; };
		C477DC6617B560C4005DB56D /* Logger.cpp in Sources */ = {isa = PBXBuildFile; fileRef = C477DC4417B560C4005DB56D /* Logger.cpp */; };
		C477DC6717B560C4005DB56D /* Logger.h in Headers */ = {isa = PBXBuildFile; fileRef = C477DC4517B560C4005DB56D /* Logger.h */; settings = {ATTRIBUTES = (Private, ); }; };
		C477DC6817B560C4005DB56D /* MemoryManager.cpp in Sources */ = {isa = PBXBuildFile; fileRef = C477DC4617B560C4005DB56D /* MemoryManager.cpp */; };
		C477DC6917B560C4005DB56D /* MemoryManager.h in Headers */ = {isa = PBXBuildFile; fileRef = C477DC4717B560C4005DB56D /* MemoryManager.h */; settings = {ATTRIBUTES = (Private, ); }; };
		C477DC6A17B560C4005DB56D /* MemoryMarker.cpp in Sources */ = {isa = PBXBuildFile; fileRef = C477DC4817B560C4005DB56D /* MemoryMarker.cpp */; };
		C477DC6B17B560C4005DB56D /* MemoryMarker.h in Headers */ = {isa = PBXBuildFile; fileRef = C477DC4917B560C4005DB56D /* MemoryMarker.h */; settings = {ATTRIBUTES = (Private, ); }; };
		C477DC6C17B560C4005DB56D /* Operand.h in Headers */ = {isa = PBXBuildFile; fileRef = C477DC4A17B560C4005DB56D /* Operand.h */; settings = {ATTRIBUTES = (Private, ); }; };
		C477DC6D17B560C4005DB56D /* OperandX86X64.cpp in Sources */ = {isa = PBXBuildFile; fileRef = C477DC4B17B560C4005DB56D /* OperandX86X64.cpp */; };
		C477DC6E17B560C4005DB56D /* OperandX86X64.h in Headers */ = {isa = PBXBuildFile; fileRef = C477DC4C17B560C4005DB56D /* OperandX86X64.h */; settings = {ATTRIBUTES = (Private, ); }; };
		C477DC6F17B560C4005DB56D /* Platform.cpp in Sources */ = {isa = PBXBuildFile; fileRef = C477DC4D17B560C4005DB56D /* Platform.cpp */; };
		C477DC7017B560C4005DB56D /* Platform.h in Headers */ = {isa = PBXBuildFile; fileRef = C477DC4E17B560C4005DB56D /* Platform.h */; settings = {ATTRIBUTES = (Private, ); }; };
		C477DC7117B560C4005DB56D /* Util_p.h in Headers */ = {isa = PBXBuildFile; fileRef = C477DC4F17B560C4005DB56D /* Util_p.h */; settings = {ATTRIBUTES = (Private, ); }; };
		C477DC7217B560C4005DB56D /* Util.cpp in Sources */ = {isa = PBXBuildFile; fileRef = C477DC5017B560C4005DB56D /* Util.cpp */; };
		C477DC7317B560C4005DB56D /* Util.h in Headers */ = {isa = PBXBuildFile; fileRef = C477DC5117B560C4005DB56D /* Util.h */; settings = {ATTRIBUTES = (Private, ); }; };
		C477DC7717B565CB005DB56D /* memmgr.h in Headers */ = {isa = PBXBuildFile; fileRef = C477DC7617B565CB005DB56D /* memmgr.h */; settings = {ATTRIBUTES = (Public, ); }; };
		C477DC7917B565D5005DB56D /* memmgr.cpp in Sources */ = {isa = PBXBuildFile; fileRef = C477DC7817B565D5005DB56D /* memmgr.cpp */; };
/* End PBXBuildFile section */

/* Begin PBXFileReference section */
		C4196D9917B8C10900B30F93 /* render.h */ = {isa = PBXFileReference; fileEncoding = 4; lastKnownFileType = sourcecode.c.h; path = render.h; sourceTree = "<group>"; };
		C4196D9F17B8C1BF00B30F93 /* color.h */ = {isa = PBXFileReference; fileEncoding = 4; lastKnownFileType = sourcecode.c.h; path = color.h; sourceTree = "<group>"; };
		C4196DA017B8C1BF00B30F93 /* font.h */ = {isa = PBXFileReference; fileEncoding = 4; lastKnownFileType = sourcecode.c.h; path = font.h; sourceTree = "<group>"; };
		C4196DA117B8C1BF00B30F93 /* point.h */ = {isa = PBXFileReference; fileEncoding = 4; lastKnownFileType = sourcecode.c.h; path = point.h; sourceTree = "<group>"; };
		C4196DA217B8C1BF00B30F93 /* rect.h */ = {isa = PBXFileReference; fileEncoding = 4; lastKnownFileType = sourcecode.c.h; path = rect.h; sourceTree = "<group>"; };
		C4196DA317B8C1BF00B30F93 /* size.h */ = {isa = PBXFileReference; fileEncoding = 4; lastKnownFileType = sourcecode.c.h; path = size.h; sourceTree = "<group>"; };
		C438F98117B43D7B00C028FE /* libembryo.a */ = {isa = PBXFileReference; explicitFileType = archive.ar; includeInIndex = 0; path = libembryo.a; sourceTree = BUILT_PRODUCTS_DIR; };
		C477DBB317B44F3C005DB56D /* logger.cpp */ = {isa = PBXFileReference; fileEncoding = 4; lastKnownFileType = sourcecode.cpp.cpp; name = logger.cpp; path = src/util/logger.cpp; sourceTree = "<group>"; };
		C477DBC617B47044005DB56D /* module.cpp */ = {isa = PBXFileReference; fileEncoding = 4; lastKnownFileType = sourcecode.cpp.cpp; name = module.cpp; path = src/mem/module.cpp; sourceTree = "<group>"; };
		C477DBC817B471C5005DB56D /* logger.h */ = {isa = PBXFileReference; fileEncoding = 4; lastKnownFileType = sourcecode.c.h; path = logger.h; sourceTree = "<group>"; };
		C477DBCA17B471CC005DB56D /* module.h */ = {isa = PBXFileReference; fileEncoding = 4; lastKnownFileType = sourcecode.c.h; path = module.h; sourceTree = "<group>"; };
		C477DBCC17B473A2005DB56D /* util.h */ = {isa = PBXFileReference; fileEncoding = 4; lastKnownFileType = sourcecode.c.h; path = util.h; sourceTree = "<group>"; };
		C477DBCE17B473A9005DB56D /* util.cpp */ = {isa = PBXFileReference; fileEncoding = 4; lastKnownFileType = sourcecode.cpp.cpp; name = util.cpp; path = src/util/util.cpp; sourceTree = "<group>"; };
		C477DBD017B4819F005DB56D /* signature.h */ = {isa = PBXFileReference; fileEncoding = 4; lastKnownFileType = sourcecode.c.h; path = signature.h; sourceTree = "<group>"; };
		C477DBD117B4819F005DB56D /* sigscan.h */ = {isa = PBXFileReference; fileEncoding = 4; lastKnownFileType = sourcecode.c.h; path = sigscan.h; sourceTree = "<group>"; };
		C477DBD417B481AC005DB56D /* signature.cpp */ = {isa = PBXFileReference; fileEncoding = 4; lastKnownFileType = sourcecode.cpp.cpp; name = signature.cpp; path = src/mem/signature.cpp; sourceTree = "<group>"; };
		C477DBD517B481AC005DB56D /* sigscan.cpp */ = {isa = PBXFileReference; fileEncoding = 4; lastKnownFileType = sourcecode.cpp.cpp; name = sigscan.cpp; path = src/mem/sigscan.cpp; sourceTree = "<group>"; };
		C477DBD817B48D2A005DB56D /* vmt.cpp */ = {isa = PBXFileReference; fileEncoding = 4; lastKnownFileType = sourcecode.cpp.cpp; name = vmt.cpp; path = src/mem/vmt.cpp; sourceTree = "<group>"; };
		C477DBDA17B48D31005DB56D /* vmt.h */ = {isa = PBXFileReference; fileEncoding = 4; lastKnownFileType = sourcecode.c.h; path = vmt.h; sourceTree = "<group>"; };
		C477DBDC17B48F9E005DB56D /* memhelp.h */ = {isa = PBXFileReference; fileEncoding = 4; lastKnownFileType = sourcecode.c.h; path = memhelp.h; sourceTree = "<group>"; };
		C477DBDF17B4CE98005DB56D /* distorm.a */ = {isa = PBXFileReference; lastKnownFileType = archive.ar; name = distorm.a; path = libs/distorm/distorm.a; sourceTree = "<group>"; };
		C477DBE317B4CEC3005DB56D /* distorm.h */ = {isa = PBXFileReference; fileEncoding = 4; lastKnownFileType = sourcecode.c.h; name = distorm.h; path = libs/distorm/distorm.h; sourceTree = "<group>"; };
		C477DBE417B4CEC3005DB56D /* mnemonics.h */ = {isa = PBXFileReference; fileEncoding = 4; lastKnownFileType = sourcecode.c.h; name = mnemonics.h; path = libs/distorm/mnemonics.h; sourceTree = "<group>"; };
		C477DBE717B4D5B9005DB56D /* detour.h */ = {isa = PBXFileReference; fileEncoding = 4; lastKnownFileType = sourcecode.c.h; path = detour.h; sourceTree = "<group>"; };
		C477DBE917B4D5C2005DB56D /* detour.cpp */ = {isa = PBXFileReference; fileEncoding = 4; lastKnownFileType = sourcecode.cpp.cpp; name = detour.cpp; path = src/mem/detour.cpp; sourceTree = "<group>"; };
		C477DC3017B560C4005DB56D /* ApiBegin.h */ = {isa = PBXFileReference; fileEncoding = 4; lastKnownFileType = sourcecode.c.h; name = ApiBegin.h; path = libs/asmjit/ApiBegin.h; sourceTree = "<group>"; };
		C477DC3117B560C4005DB56D /* ApiEnd.h */ = {isa = PBXFileReference; fileEncoding = 4; lastKnownFileType = sourcecode.c.h; name = ApiEnd.h; path = libs/asmjit/ApiEnd.h; sourceTree = "<group>"; };
		C477DC3217B560C4005DB56D /* AsmJit.h */ = {isa = PBXFileReference; fileEncoding = 4; lastKnownFileType = sourcecode.c.h; name = AsmJit.h; path = libs/asmjit/AsmJit.h; sourceTree = "<group>"; };
		C477DC3317B560C4005DB56D /* Assembler.h */ = {isa = PBXFileReference; fileEncoding = 4; lastKnownFileType = sourcecode.c.h; name = Assembler.h; path = libs/asmjit/Assembler.h; sourceTree = "<group>"; };
		C477DC3417B560C4005DB56D /* AssemblerX86X64.cpp */ = {isa = PBXFileReference; fileEncoding = 4; lastKnownFileType = sourcecode.cpp.cpp; name = AssemblerX86X64.cpp; path = libs/asmjit/AssemblerX86X64.cpp; sourceTree = "<group>"; };
		C477DC3517B560C4005DB56D /* AssemblerX86X64.h */ = {isa = PBXFileReference; fileEncoding = 4; lastKnownFileType = sourcecode.c.h; name = AssemblerX86X64.h; path = libs/asmjit/AssemblerX86X64.h; sourceTree = "<group>"; };
		C477DC3617B560C4005DB56D /* Build.h */ = {isa = PBXFileReference; fileEncoding = 4; lastKnownFileType = sourcecode.c.h; name = Build.h; path = libs/asmjit/Build.h; sourceTree = "<group>"; };
		C477DC3717B560C4005DB56D /* CodeGenerator.cpp */ = {isa = PBXFileReference; fileEncoding = 4; lastKnownFileType = sourcecode.cpp.cpp; name = CodeGenerator.cpp; path = libs/asmjit/CodeGenerator.cpp; sourceTree = "<group>"; };
		C477DC3817B560C4005DB56D /* CodeGenerator.h */ = {isa = PBXFileReference; fileEncoding = 4; lastKnownFileType = sourcecode.c.h; name = CodeGenerator.h; path = libs/asmjit/CodeGenerator.h; sourceTree = "<group>"; };
		C477DC3917B560C4005DB56D /* Compiler.cpp */ = {isa = PBXFileReference; fileEncoding = 4; lastKnownFileType = sourcecode.cpp.cpp; name = Compiler.cpp; path = libs/asmjit/Compiler.cpp; sourceTree = "<group>"; };
		C477DC3A17B560C4005DB56D /* Compiler.h */ = {isa = PBXFileReference; fileEncoding = 4; lastKnownFileType = sourcecode.c.h; name = Compiler.h; path = libs/asmjit/Compiler.h; sourceTree = "<group>"; };
		C477DC3B17B560C4005DB56D /* CompilerX86X64.cpp */ = {isa = PBXFileReference; fileEncoding = 4; lastKnownFileType = sourcecode.cpp.cpp; name = CompilerX86X64.cpp; path = libs/asmjit/CompilerX86X64.cpp; sourceTree = "<group>"; };
		C477DC3C17B560C4005DB56D /* CompilerX86X64.h */ = {isa = PBXFileReference; fileEncoding = 4; lastKnownFileType = sourcecode.c.h; name = CompilerX86X64.h; path = libs/asmjit/CompilerX86X64.h; sourceTree = "<group>"; };
		C477DC3D17B560C4005DB56D /* Config.h */ = {isa = PBXFileReference; fileEncoding = 4; lastKnownFileType = sourcecode.c.h; name = Config.h; path = libs/asmjit/Config.h; sourceTree = "<group>"; };
		C477DC3E17B560C4005DB56D /* CpuInfo.cpp */ = {isa = PBXFileReference; fileEncoding = 4; lastKnownFileType = sourcecode.cpp.cpp; name = CpuInfo.cpp; path = libs/asmjit/CpuInfo.cpp; sourceTree = "<group>"; };
		C477DC3F17B560C4005DB56D /* CpuInfo.h */ = {isa = PBXFileReference; fileEncoding = 4; lastKnownFileType = sourcecode.c.h; name = CpuInfo.h; path = libs/asmjit/CpuInfo.h; sourceTree = "<group>"; };
		C477DC4017B560C4005DB56D /* Defs.cpp */ = {isa = PBXFileReference; fileEncoding = 4; lastKnownFileType = sourcecode.cpp.cpp; name = Defs.cpp; path = libs/asmjit/Defs.cpp; sourceTree = "<group>"; };
		C477DC4117B560C4005DB56D /* Defs.h */ = {isa = PBXFileReference; fileEncoding = 4; lastKnownFileType = sourcecode.c.h; name = Defs.h; path = libs/asmjit/Defs.h; sourceTree = "<group>"; };
		C477DC4217B560C4005DB56D /* DefsX86X64.cpp */ = {isa = PBXFileReference; fileEncoding = 4; lastKnownFileType = sourcecode.cpp.cpp; name = DefsX86X64.cpp; path = libs/asmjit/DefsX86X64.cpp; sourceTree = "<group>"; };
		C477DC4317B560C4005DB56D /* DefsX86X64.h */ = {isa = PBXFileReference; fileEncoding = 4; lastKnownFileType = sourcecode.c.h; name = DefsX86X64.h; path = libs/asmjit/DefsX86X64.h; sourceTree = "<group>"; };
		C477DC4417B560C4005DB56D /* Logger.cpp */ = {isa = PBXFileReference; fileEncoding = 4; lastKnownFileType = sourcecode.cpp.cpp; name = Logger.cpp; path = libs/asmjit/Logger.cpp; sourceTree = "<group>"; };
		C477DC4517B560C4005DB56D /* Logger.h */ = {isa = PBXFileReference; fileEncoding = 4; lastKnownFileType = sourcecode.c.h; name = Logger.h; path = libs/asmjit/Logger.h; sourceTree = "<group>"; };
		C477DC4617B560C4005DB56D /* MemoryManager.cpp */ = {isa = PBXFileReference; fileEncoding = 4; lastKnownFileType = sourcecode.cpp.cpp; name = MemoryManager.cpp; path = libs/asmjit/MemoryManager.cpp; sourceTree = "<group>"; };
		C477DC4717B560C4005DB56D /* MemoryManager.h */ = {isa = PBXFileReference; fileEncoding = 4; lastKnownFileType = sourcecode.c.h; name = MemoryManager.h; path = libs/asmjit/MemoryManager.h; sourceTree = "<group>"; };
		C477DC4817B560C4005DB56D /* MemoryMarker.cpp */ = {isa = PBXFileReference; fileEncoding = 4; lastKnownFileType = sourcecode.cpp.cpp; name = MemoryMarker.cpp; path = libs/asmjit/MemoryMarker.cpp; sourceTree = "<group>"; };
		C477DC4917B560C4005DB56D /* MemoryMarker.h */ = {isa = PBXFileReference; fileEncoding = 4; lastKnownFileType = sourcecode.c.h; name = MemoryMarker.h; path = libs/asmjit/MemoryMarker.h; sourceTree = "<group>"; };
		C477DC4A17B560C4005DB56D /* Operand.h */ = {isa = PBXFileReference; fileEncoding = 4; lastKnownFileType = sourcecode.c.h; name = Operand.h; path = libs/asmjit/Operand.h; sourceTree = "<group>"; };
		C477DC4B17B560C4005DB56D /* OperandX86X64.cpp */ = {isa = PBXFileReference; fileEncoding = 4; lastKnownFileType = sourcecode.cpp.cpp; name = OperandX86X64.cpp; path = libs/asmjit/OperandX86X64.cpp; sourceTree = "<group>"; };
		C477DC4C17B560C4005DB56D /* OperandX86X64.h */ = {isa = PBXFileReference; fileEncoding = 4; lastKnownFileType = sourcecode.c.h; name = OperandX86X64.h; path = libs/asmjit/OperandX86X64.h; sourceTree = "<group>"; };
		C477DC4D17B560C4005DB56D /* Platform.cpp */ = {isa = PBXFileReference; fileEncoding = 4; lastKnownFileType = sourcecode.cpp.cpp; name = Platform.cpp; path = libs/asmjit/Platform.cpp; sourceTree = "<group>"; };
		C477DC4E17B560C4005DB56D /* Platform.h */ = {isa = PBXFileReference; fileEncoding = 4; lastKnownFileType = sourcecode.c.h; name = Platform.h; path = libs/asmjit/Platform.h; sourceTree = "<group>"; };
		C477DC4F17B560C4005DB56D /* Util_p.h */ = {isa = PBXFileReference; fileEncoding = 4; lastKnownFileType = sourcecode.c.h; name = Util_p.h; path = libs/asmjit/Util_p.h; sourceTree = "<group>"; };
		C477DC5017B560C4005DB56D /* Util.cpp */ = {isa = PBXFileReference; fileEncoding = 4; lastKnownFileType = sourcecode.cpp.cpp; name = Util.cpp; path = libs/asmjit/Util.cpp; sourceTree = "<group>"; };
		C477DC5117B560C4005DB56D /* Util.h */ = {isa = PBXFileReference; fileEncoding = 4; lastKnownFileType = sourcecode.c.h; name = Util.h; path = libs/asmjit/Util.h; sourceTree = "<group>"; };
		C477DC7617B565CB005DB56D /* memmgr.h */ = {isa = PBXFileReference; fileEncoding = 4; lastKnownFileType = sourcecode.c.h; path = memmgr.h; sourceTree = "<group>"; };
		C477DC7817B565D5005DB56D /* memmgr.cpp */ = {isa = PBXFileReference; fileEncoding = 4; lastKnownFileType = sourcecode.cpp.cpp; name = memmgr.cpp; path = src/mem/memmgr.cpp; sourceTree = "<group>"; };
/* End PBXFileReference section */

/* Begin PBXFrameworksBuildPhase section */
		C438F97E17B43D7B00C028FE /* Frameworks */ = {
			isa = PBXFrameworksBuildPhase;
			buildActionMask = 2147483647;
			files = (
				C477DBE217B4CEBB005DB56D /* distorm.a in Frameworks */,
			);
			runOnlyForDeploymentPostprocessing = 0;
		};
/* End PBXFrameworksBuildPhase section */

/* Begin PBXGroup section */
		C438F97817B43D7B00C028FE = {
			isa = PBXGroup;
			children = (
				C477DBDE17B4CE88005DB56D /* Libs */,
				C4A8274417B43E2E0012D920 /* Headers */,
				C4A8274317B43E260012D920 /* Source */,
				C438F98217B43D7B00C028FE /* Products */,
			);
			sourceTree = "<group>";
		};
		C438F98217B43D7B00C028FE /* Products */ = {
			isa = PBXGroup;
			children = (
				C438F98117B43D7B00C028FE /* libembryo.a */,
			);
			name = Products;
			sourceTree = "<group>";
		};
		C44CAFC717B8BA4A00D75DF1 /* render */ = {
			isa = PBXGroup;
			children = (
				C4196D9F17B8C1BF00B30F93 /* color.h */,
				C4196DA017B8C1BF00B30F93 /* font.h */,
				C4196DA117B8C1BF00B30F93 /* point.h */,
				C4196DA217B8C1BF00B30F93 /* rect.h */,
				C4196DA317B8C1BF00B30F93 /* size.h */,
				C4196D9917B8C10900B30F93 /* render.h */,
			);
			name = render;
			sourceTree = "<group>";
		};
		C477DBAF17B44B4D005DB56D /* util */ = {
			isa = PBXGroup;
			children = (
				C477DBCC17B473A2005DB56D /* util.h */,
				C477DBC817B471C5005DB56D /* logger.h */,
			);
			name = util;
			sourceTree = "<group>";
		};
		C477DBB017B44B55005DB56D /* util */ = {
			isa = PBXGroup;
			children = (
				C477DBCE17B473A9005DB56D /* util.cpp */,
				C477DBB317B44F3C005DB56D /* logger.cpp */,
			);
			name = util;
			sourceTree = "<group>";
		};
		C477DBC217B4701C005DB56D /* mem */ = {
			isa = PBXGroup;
			children = (
				C477DC7617B565CB005DB56D /* memmgr.h */,
				C477DBE717B4D5B9005DB56D /* detour.h */,
				C477DBDC17B48F9E005DB56D /* memhelp.h */,
				C477DBDA17B48D31005DB56D /* vmt.h */,
				C477DBD017B4819F005DB56D /* signature.h */,
				C477DBD117B4819F005DB56D /* sigscan.h */,
				C477DBCA17B471CC005DB56D /* module.h */,
			);
			name = mem;
			sourceTree = "<group>";
		};
		C477DBC317B47021005DB56D /* mem */ = {
			isa = PBXGroup;
			children = (
				C477DC7817B565D5005DB56D /* memmgr.cpp */,
				C477DBE917B4D5C2005DB56D /* detour.cpp */,
				C477DBD817B48D2A005DB56D /* vmt.cpp */,
				C477DBD417B481AC005DB56D /* signature.cpp */,
				C477DBD517B481AC005DB56D /* sigscan.cpp */,
				C477DBC617B47044005DB56D /* module.cpp */,
			);
			name = mem;
			sourceTree = "<group>";
		};
		C477DBDE17B4CE88005DB56D /* Libs */ = {
			isa = PBXGroup;
			children = (
				C477DC7417B560CC005DB56D /* AsmJit */,
				C477DBE117B4CEB2005DB56D /* Distorm */,
			);
			name = Libs;
			sourceTree = "<group>";
		};
		C477DBE117B4CEB2005DB56D /* Distorm */ = {
			isa = PBXGroup;
			children = (
				C477DBE317B4CEC3005DB56D /* distorm.h */,
				C477DBE417B4CEC3005DB56D /* mnemonics.h */,
				C477DBDF17B4CE98005DB56D /* distorm.a */,
			);
			name = Distorm;
			sourceTree = "<group>";
		};
		C477DC7417B560CC005DB56D /* AsmJit */ = {
			isa = PBXGroup;
			children = (
				C477DC7517B56256005DB56D /* Source */,
				C477DC3217B560C4005DB56D /* AsmJit.h */,
			);
			name = AsmJit;
			sourceTree = "<group>";
		};
		C477DC7517B56256005DB56D /* Source */ = {
			isa = PBXGroup;
			children = (
				C477DC3017B560C4005DB56D /* ApiBegin.h */,
				C477DC3117B560C4005DB56D /* ApiEnd.h */,
				C477DC3317B560C4005DB56D /* Assembler.h */,
				C477DC3417B560C4005DB56D /* AssemblerX86X64.cpp */,
				C477DC3517B560C4005DB56D /* AssemblerX86X64.h */,
				C477DC3617B560C4005DB56D /* Build.h */,
				C477DC3717B560C4005DB56D /* CodeGenerator.cpp */,
				C477DC3817B560C4005DB56D /* CodeGenerator.h */,
				C477DC3917B560C4005DB56D /* Compiler.cpp */,
				C477DC3A17B560C4005DB56D /* Compiler.h */,
				C477DC3B17B560C4005DB56D /* CompilerX86X64.cpp */,
				C477DC3C17B560C4005DB56D /* CompilerX86X64.h */,
				C477DC3D17B560C4005DB56D /* Config.h */,
				C477DC3E17B560C4005DB56D /* CpuInfo.cpp */,
				C477DC3F17B560C4005DB56D /* CpuInfo.h */,
				C477DC4017B560C4005DB56D /* Defs.cpp */,
				C477DC4117B560C4005DB56D /* Defs.h */,
				C477DC4217B560C4005DB56D /* DefsX86X64.cpp */,
				C477DC4317B560C4005DB56D /* DefsX86X64.h */,
				C477DC4417B560C4005DB56D /* Logger.cpp */,
				C477DC4517B560C4005DB56D /* Logger.h */,
				C477DC4617B560C4005DB56D /* MemoryManager.cpp */,
				C477DC4717B560C4005DB56D /* MemoryManager.h */,
				C477DC4817B560C4005DB56D /* MemoryMarker.cpp */,
				C477DC4917B560C4005DB56D /* MemoryMarker.h */,
				C477DC4A17B560C4005DB56D /* Operand.h */,
				C477DC4B17B560C4005DB56D /* OperandX86X64.cpp */,
				C477DC4C17B560C4005DB56D /* OperandX86X64.h */,
				C477DC4D17B560C4005DB56D /* Platform.cpp */,
				C477DC4E17B560C4005DB56D /* Platform.h */,
				C477DC4F17B560C4005DB56D /* Util_p.h */,
				C477DC5017B560C4005DB56D /* Util.cpp */,
				C477DC5117B560C4005DB56D /* Util.h */,
			);
			name = Source;
			sourceTree = "<group>";
		};
		C4A8274317B43E260012D920 /* Source */ = {
			isa = PBXGroup;
			children = (
				C477DBC317B47021005DB56D /* mem */,
				C477DBB017B44B55005DB56D /* util */,
			);
			name = Source;
			sourceTree = "<group>";
		};
		C4A8274417B43E2E0012D920 /* Headers */ = {
			isa = PBXGroup;
			children = (
				C44CAFC717B8BA4A00D75DF1 /* render */,
				C477DBC217B4701C005DB56D /* mem */,
				C477DBAF17B44B4D005DB56D /* util */,
			);
			name = Headers;
			sourceTree = "<group>";
		};
/* End PBXGroup section */

/* Begin PBXHeadersBuildPhase section */
		C438F97F17B43D7B00C028FE /* Headers */ = {
			isa = PBXHeadersBuildPhase;
			buildActionMask = 2147483647;
			files = (
				C477DBC917B471C5005DB56D /* logger.h in Headers */,
				C477DBCB17B471CC005DB56D /* module.h in Headers */,
				C477DBCD17B473A2005DB56D /* util.h in Headers */,
				C477DBD217B4819F005DB56D /* signature.h in Headers */,
				C477DBDD17B48F9E005DB56D /* memhelp.h in Headers */,
				C477DBDB17B48D31005DB56D /* vmt.h in Headers */,
				C477DBD317B4819F005DB56D /* sigscan.h in Headers */,
				C477DBE517B4CEC3005DB56D /* distorm.h in Headers */,
				C477DBE617B4CEC3005DB56D /* mnemonics.h in Headers */,
				C477DC7717B565CB005DB56D /* memmgr.h in Headers */,
				C4196D9A17B8C10900B30F93 /* render.h in Headers */,
				C477DBE817B4D5B9005DB56D /* detour.h in Headers */,
				C4196DA417B8C1BF00B30F93 /* color.h in Headers */,
				C4196DA517B8C1BF00B30F93 /* font.h in Headers */,
				C4196DA617B8C1BF00B30F93 /* point.h in Headers */,
				C4196DA717B8C1BF00B30F93 /* rect.h in Headers */,
				C4196DA817B8C1BF00B30F93 /* size.h in Headers */,
				C477DC5417B560C4005DB56D /* AsmJit.h in Headers */,
				C477DC5217B560C4005DB56D /* ApiBegin.h in Headers */,
				C477DC5317B560C4005DB56D /* ApiEnd.h in Headers */,
				C477DC5517B560C4005DB56D /* Assembler.h in Headers */,
				C477DC5717B560C4005DB56D /* AssemblerX86X64.h in Headers */,
				C477DC5817B560C4005DB56D /* Build.h in Headers */,
				C477DC5A17B560C4005DB56D /* CodeGenerator.h in Headers */,
				C477DC5C17B560C4005DB56D /* Compiler.h in Headers */,
				C477DC5E17B560C4005DB56D /* CompilerX86X64.h in Headers */,
				C477DC5F17B560C4005DB56D /* Config.h in Headers */,
				C477DC6117B560C4005DB56D /* CpuInfo.h in Headers */,
				C477DC6317B560C4005DB56D /* Defs.h in Headers */,
				C477DC6517B560C4005DB56D /* DefsX86X64.h in Headers */,
				C477DC6717B560C4005DB56D /* Logger.h in Headers */,
				C477DC6917B560C4005DB56D /* MemoryManager.h in Headers */,
				C477DC6B17B560C4005DB56D /* MemoryMarker.h in Headers */,
				C477DC6C17B560C4005DB56D /* Operand.h in Headers */,
				C477DC6E17B560C4005DB56D /* OperandX86X64.h in Headers */,
				C477DC7017B560C4005DB56D /* Platform.h in Headers */,
				C477DC7117B560C4005DB56D /* Util_p.h in Headers */,
				C477DC7317B560C4005DB56D /* Util.h in Headers */,
			);
			runOnlyForDeploymentPostprocessing = 0;
		};
/* End PBXHeadersBuildPhase section */

/* Begin PBXNativeTarget section */
		C438F98017B43D7B00C028FE /* libembryo */ = {
			isa = PBXNativeTarget;
			buildConfigurationList = C438F98517B43D7B00C028FE /* Build configuration list for PBXNativeTarget "libembryo" */;
			buildPhases = (
				C438F97D17B43D7B00C028FE /* Sources */,
				C438F97E17B43D7B00C028FE /* Frameworks */,
				C438F97F17B43D7B00C028FE /* Headers */,
			);
			buildRules = (
			);
			dependencies = (
			);
			name = libembryo;
			productName = libembryo;
			productReference = C438F98117B43D7B00C028FE /* libembryo.a */;
			productType = "com.apple.product-type.library.static";
		};
/* End PBXNativeTarget section */

/* Begin PBXProject section */
		C438F97917B43D7B00C028FE /* Project object */ = {
			isa = PBXProject;
			attributes = {
				LastUpgradeCheck = 0460;
				ORGANIZATIONNAME = "me@stanleycen.com";
			};
			buildConfigurationList = C438F97C17B43D7B00C028FE /* Build configuration list for PBXProject "libembryo" */;
			compatibilityVersion = "Xcode 3.2";
			developmentRegion = English;
			hasScannedForEncodings = 0;
			knownRegions = (
				en,
			);
			mainGroup = C438F97817B43D7B00C028FE;
			productRefGroup = C438F98217B43D7B00C028FE /* Products */;
			projectDirPath = "";
			projectRoot = "";
			targets = (
				C438F98017B43D7B00C028FE /* libembryo */,
			);
		};
/* End PBXProject section */

/* Begin PBXSourcesBuildPhase section */
		C438F97D17B43D7B00C028FE /* Sources */ = {
			isa = PBXSourcesBuildPhase;
			buildActionMask = 2147483647;
			files = (
				C477DBB517B44F3C005DB56D /* logger.cpp in Sources */,
				C477DBC717B47044005DB56D /* module.cpp in Sources */,
				C477DBCF17B473A9005DB56D /* util.cpp in Sources */,
				C477DBD617B481AC005DB56D /* signature.cpp in Sources */,
				C477DBD717B481AC005DB56D /* sigscan.cpp in Sources */,
				C477DBD917B48D2A005DB56D /* vmt.cpp in Sources */,
				C477DBEA17B4D5C2005DB56D /* detour.cpp in Sources */,
				C477DC5617B560C4005DB56D /* AssemblerX86X64.cpp in Sources */,
				C477DC5917B560C4005DB56D /* CodeGenerator.cpp in Sources */,
				C477DC5B17B560C4005DB56D /* Compiler.cpp in Sources */,
				C477DC5D17B560C4005DB56D /* CompilerX86X64.cpp in Sources */,
				C477DC6017B560C4005DB56D /* CpuInfo.cpp in Sources */,
				C477DC6217B560C4005DB56D /* Defs.cpp in Sources */,
				C477DC6417B560C4005DB56D /* DefsX86X64.cpp in Sources */,
				C477DC6617B560C4005DB56D /* Logger.cpp in Sources */,
				C477DC6817B560C4005DB56D /* MemoryManager.cpp in Sources */,
				C477DC6A17B560C4005DB56D /* MemoryMarker.cpp in Sources */,
				C477DC6D17B560C4005DB56D /* OperandX86X64.cpp in Sources */,
				C477DC6F17B560C4005DB56D /* Platform.cpp in Sources */,
				C477DC7217B560C4005DB56D /* Util.cpp in Sources */,
				C477DC7917B565D5005DB56D /* memmgr.cpp in Sources */,
			);
			runOnlyForDeploymentPostprocessing = 0;
		};
/* End PBXSourcesBuildPhase section */

/* Begin XCBuildConfiguration section */
		C438F98317B43D7B00C028FE /* Debug */ = {
			isa = XCBuildConfiguration;
			buildSettings = {
				ALWAYS_SEARCH_USER_PATHS = YES;
				ARCHS = "$(ARCHS_STANDARD_32_BIT)";
				CLANG_CXX_LANGUAGE_STANDARD = "c++0x";
				CLANG_CXX_LIBRARY = "libc++";
				CLANG_WARN_CONSTANT_CONVERSION = YES;
				CLANG_WARN_EMPTY_BODY = YES;
				CLANG_WARN_ENUM_CONVERSION = YES;
				CLANG_WARN_INT_CONVERSION = YES;
				CLANG_WARN__DUPLICATE_METHOD_MATCH = YES;
				COPY_PHASE_STRIP = NO;
				GCC_C_LANGUAGE_STANDARD = gnu99;
				GCC_DYNAMIC_NO_PIC = NO;
				GCC_ENABLE_OBJC_EXCEPTIONS = YES;
				GCC_OPTIMIZATION_LEVEL = 0;
				GCC_PREPROCESSOR_DEFINITIONS = (
					"DEBUG=1",
					"$(inherited)",
				);
				GCC_SYMBOLS_PRIVATE_EXTERN = NO;
				GCC_VERSION = com.apple.compilers.llvm.clang.1_0;
				GCC_WARN_64_TO_32_BIT_CONVERSION = YES;
				GCC_WARN_ABOUT_RETURN_TYPE = YES;
				GCC_WARN_UNINITIALIZED_AUTOS = YES;
				GCC_WARN_UNUSED_VARIABLE = YES;
				HEADER_SEARCH_PATHS = "";
				MACOSX_DEPLOYMENT_TARGET = 10.8;
				ONLY_ACTIVE_ARCH = YES;
				SDKROOT = macosx;
				USER_HEADER_SEARCH_PATHS = "";
			};
			name = Debug;
		};
		C438F98417B43D7B00C028FE /* Release */ = {
			isa = XCBuildConfiguration;
			buildSettings = {
				ALWAYS_SEARCH_USER_PATHS = YES;
				ARCHS = "$(ARCHS_STANDARD_32_BIT)";
				CLANG_CXX_LANGUAGE_STANDARD = "c++0x";
				CLANG_CXX_LIBRARY = "libc++";
				CLANG_WARN_CONSTANT_CONVERSION = YES;
				CLANG_WARN_EMPTY_BODY = YES;
				CLANG_WARN_ENUM_CONVERSION = YES;
				CLANG_WARN_INT_CONVERSION = YES;
				CLANG_WARN__DUPLICATE_METHOD_MATCH = YES;
				COPY_PHASE_STRIP = YES;
				DEBUG_INFORMATION_FORMAT = "dwarf-with-dsym";
				GCC_C_LANGUAGE_STANDARD = gnu99;
				GCC_ENABLE_OBJC_EXCEPTIONS = YES;
				GCC_VERSION = com.apple.compilers.llvm.clang.1_0;
				GCC_WARN_64_TO_32_BIT_CONVERSION = YES;
				GCC_WARN_ABOUT_RETURN_TYPE = YES;
				GCC_WARN_UNINITIALIZED_AUTOS = YES;
				GCC_WARN_UNUSED_VARIABLE = YES;
				HEADER_SEARCH_PATHS = "";
				MACOSX_DEPLOYMENT_TARGET = 10.8;
				SDKROOT = macosx;
				USER_HEADER_SEARCH_PATHS = "";
			};
			name = Release;
		};
		C438F98617B43D7B00C028FE /* Debug */ = {
			isa = XCBuildConfiguration;
			buildSettings = {
				ARCHS = "$(ARCHS_STANDARD_32_BIT)";
				EXECUTABLE_PREFIX = "";
				HEADER_SEARCH_PATHS = (
					/usr/local/include/,
					.,
				);
				LIBRARY_SEARCH_PATHS = (
					"$(inherited)",
					"\"$(SRCROOT)/libs/distorm\"",
				);
				PRODUCT_NAME = "$(TARGET_NAME)";
				PUBLIC_HEADERS_FOLDER_PATH = include/libembryo;
				SKIP_INSTALL = YES;
			};
			name = Debug;
		};
		C438F98717B43D7B00C028FE /* Release */ = {
			isa = XCBuildConfiguration;
			buildSettings = {
				ARCHS = "$(ARCHS_STANDARD_32_BIT)";
				EXECUTABLE_PREFIX = "";
				HEADER_SEARCH_PATHS = (
					/usr/local/include/,
					.,
				);
				LIBRARY_SEARCH_PATHS = (
					"$(inherited)",
					"\"$(SRCROOT)/libs/distorm\"",
				);
				PRODUCT_NAME = "$(TARGET_NAME)";
				PUBLIC_HEADERS_FOLDER_PATH = include/libembryo;
				SKIP_INSTALL = YES;
			};
			name = Release;
		};
/* End XCBuildConfiguration section */

/* Begin XCConfigurationList section */
		C438F97C17B43D7B00C028FE /* Build configuration list for PBXProject "libembryo" */ = {
			isa = XCConfigurationList;
			buildConfigurations = (
				C438F98317B43D7B00C028FE /* Debug */,
				C438F98417B43D7B00C028FE /* Release */,
			);
			defaultConfigurationIsVisible = 0;
			defaultConfigurationName = Release;
		};
		C438F98517B43D7B00C028FE /* Build configuration list for PBXNativeTarget "libembryo" */ = {
			isa = XCConfigurationList;
			buildConfigurations = (
				C438F98617B43D7B00C028FE /* Debug */,
				C438F98717B43D7B00C028FE /* Release */,
			);
			defaultConfigurationIsVisible = 0;
			defaultConfigurationName = Release;
		};
/* End XCConfigurationList section */
	};
	rootObject = C438F97917B43D7B00C028FE /* Project object */;
}
